
Microsoft Visual Studio Solution File, Format Version 12.00
# Visual Studio Version 17
VisualStudioVersion = 17.0.31903.59
MinimumVisualStudioVersion = 10.0.40219.1
Project("{FAE04EC0-301F-11D3-BF4B-00C04F79EFBC}") = "KanbanBoardSystem.Domain", "KanbanBoardSystem.Domain\KanbanBoardSystem.Domain.csproj", "{48F38984-A2B7-4667-B754-A8678149A97B}"
EndProject
Project("{FAE04EC0-301F-11D3-BF4B-00C04F79EFBC}") = "KanbanBoardSystem.Tests", "KanbanBoardSystem.Tests\KanbanBoardSystem.Tests.csproj", "{F2BDF7DA-C8C1-4FA7-B813-473BBB690760}"
EndProject
Project("{FAE04EC0-301F-11D3-BF4B-00C04F79EFBC}") = "KanbanBoardSystem.App", "KanbanBoardSystem.App\KanbanBoardSystem.App.csproj", "{38BC1BF4-5086-4C8E-8DB4-EE0111DBE9D5}"
EndProject
Global
	GlobalSection(SolutionConfigurationPlatforms) = preSolution
		Debug|Any CPU = Debug|Any CPU
		Debug|x64 = Debug|x64
		Debug|x86 = Debug|x86
		Release|Any CPU = Release|Any CPU
		Release|x64 = Release|x64
		Release|x86 = Release|x86
	EndGlobalSection
	GlobalSection(ProjectConfigurationPlatforms) = postSolution
		{48F38984-A2B7-4667-B754-A8678149A97B}.Debug|Any CPU.ActiveCfg = Debug|Any CPU
		{48F38984-A2B7-4667-B754-A8678149A97B}.Debug|Any CPU.Build.0 = Debug|Any CPU
		{48F38984-A2B7-4667-B754-A8678149A97B}.Debug|x64.ActiveCfg = Debug|Any CPU
		{48F38984-A2B7-4667-B754-A8678149A97B}.Debug|x64.Build.0 = Debug|Any CPU
		{48F38984-A2B7-4667-B754-A8678149A97B}.Debug|x86.ActiveCfg = Debug|Any CPU
		{48F38984-A2B7-4667-B754-A8678149A97B}.Debug|x86.Build.0 = Debug|Any CPU
		{48F38984-A2B7-4667-B754-A8678149A97B}.Release|Any CPU.ActiveCfg = Release|Any CPU
		{48F38984-A2B7-4667-B754-A8678149A97B}.Release|Any CPU.Build.0 = Release|Any CPU
		{48F38984-A2B7-4667-B754-A8678149A97B}.Release|x64.ActiveCfg = Release|Any CPU
		{48F38984-A2B7-4667-B754-A8678149A97B}.Release|x64.Build.0 = Release|Any CPU
		{48F38984-A2B7-4667-B754-A8678149A97B}.Release|x86.ActiveCfg = Release|Any CPU
		{48F38984-A2B7-4667-B754-A8678149A97B}.Release|x86.Build.0 = Release|Any CPU
		{F2BDF7DA-C8C1-4FA7-B813-473BBB690760}.Debug|Any CPU.ActiveCfg = Debug|Any CPU
		{F2BDF7DA-C8C1-4FA7-B813-473BBB690760}.Debug|Any CPU.Build.0 = Debug|Any CPU
		{F2BDF7DA-C8C1-4FA7-B813-473BBB690760}.Debug|x64.ActiveCfg = Debug|Any CPU
		{F2BDF7DA-C8C1-4FA7-B813-473BBB690760}.Debug|x64.Build.0 = Debug|Any CPU
		{F2BDF7DA-C8C1-4FA7-B813-473BBB690760}.Debug|x86.ActiveCfg = Debug|Any CPU
		{F2BDF7DA-C8C1-4FA7-B813-473BBB690760}.Debug|x86.Build.0 = Debug|Any CPU
		{F2BDF7DA-C8C1-4FA7-B813-473BBB690760}.Release|Any CPU.ActiveCfg = Release|Any CPU
		{F2BDF7DA-C8C1-4FA7-B813-473BBB690760}.Release|Any CPU.Build.0 = Release|Any CPU
		{F2BDF7DA-C8C1-4FA7-B813-473BBB690760}.Release|x64.ActiveCfg = Release|Any CPU
		{F2BDF7DA-C8C1-4FA7-B813-473BBB690760}.Release|x64.Build.0 = Release|Any CPU
		{F2BDF7DA-C8C1-4FA7-B813-473BBB690760}.Release|x86.ActiveCfg = Release|Any CPU
		{F2BDF7DA-C8C1-4FA7-B813-473BBB690760}.Release|x86.Build.0 = Release|Any CPU
		{38BC1BF4-5086-4C8E-8DB4-EE0111DBE9D5}.Debug|Any CPU.ActiveCfg = Debug|Any CPU
		{38BC1BF4-5086-4C8E-8DB4-EE0111DBE9D5}.Debug|Any CPU.Build.0 = Debug|Any CPU
		{38BC1BF4-5086-4C8E-8DB4-EE0111DBE9D5}.Debug|x64.ActiveCfg = Debug|Any CPU
		{38BC1BF4-5086-4C8E-8DB4-EE0111DBE9D5}.Debug|x64.Build.0 = Debug|Any CPU
		{38BC1BF4-5086-4C8E-8DB4-EE0111DBE9D5}.Debug|x86.ActiveCfg = Debug|Any CPU
		{38BC1BF4-5086-4C8E-8DB4-EE0111DBE9D5}.Debug|x86.Build.0 = Debug|Any CPU
		{38BC1BF4-5086-4C8E-8DB4-EE0111DBE9D5}.Release|Any CPU.ActiveCfg = Release|Any CPU
		{38BC1BF4-5086-4C8E-8DB4-EE0111DBE9D5}.Release|Any CPU.Build.0 = Release|Any CPU
		{38BC1BF4-5086-4C8E-8DB4-EE0111DBE9D5}.Release|x64.ActiveCfg = Release|Any CPU
		{38BC1BF4-5086-4C8E-8DB4-EE0111DBE9D5}.Release|x64.Build.0 = Release|Any CPU
		{38BC1BF4-5086-4C8E-8DB4-EE0111DBE9D5}.Release|x86.ActiveCfg = Release|Any CPU
		{38BC1BF4-5086-4C8E-8DB4-EE0111DBE9D5}.Release|x86.Build.0 = Release|Any CPU
	EndGlobalSection
	GlobalSection(SolutionProperties) = preSolution
		HideSolutionNode = FALSE
	EndGlobalSection
EndGlobal
